{
  "name": "libcid_ffi",
  "version": "0.1.0",
  "lockfileVersion": 2,
  "requires": true,
  "packages": {
    "": {
      "name": "libcid_ffi",
      "version": "0.1.0",
      "dependencies": {
        "koffi": "^2.3.4"
      }
    },
    "node_modules/koffi": {
      "version": "2.3.4",
      "resolved": "https://registry.npmjs.org/koffi/-/koffi-2.3.4.tgz",
      "integrity": "sha512-2PMDF0AvMRojnovNi6pOBFAaYU2jnyFV5UGJ8hRTJPrauFf9qwb3aG/LPxLYPI+SNP7gHWuvu97yuDH6p44c6w==",
      "hasInstallScript": true
    }
  },
  "dependencies": {
    "koffi": {
      "version": "2.3.4",
      "resolved": "https://registry.npmjs.org/koffi/-/koffi-2.3.4.tgz",
      "integrity": "sha512-2PMDF0AvMRojnovNi6pOBFAaYU2jnyFV5UGJ8hRTJPrauFf9qwb3aG/LPxLYPI+SNP7gHWuvu97yuDH6p44c6w=="
    }
  }
}
